PODS:
  - MRFFmpegPod (3.4.7):
    - MRFFmpegPod/libavcodec (= 3.4.7)
    - MRFFmpegPod/libavdevice (= 3.4.7)
    - MRFFmpegPod/libavfilter (= 3.4.7)
    - MRFFmpegPod/libavformat (= 3.4.7)
    - MRFFmpegPod/libavutil (= 3.4.7)
    - MRFFmpegPod/libswresample (= 3.4.7)
    - MRFFmpegPod/libswscale (= 3.4.7)
  - MRFFmpegPod/libavcodec (3.4.7)
  - MRFFmpegPod/libavdevice (3.4.7)
  - MRFFmpegPod/libavfilter (3.4.7)
  - MRFFmpegPod/libavformat (3.4.7)
  - MRFFmpegPod/libavutil (3.4.7)
  - MRFFmpegPod/libswresample (3.4.7)
  - MRFFmpegPod/libswscale (3.4.7)

DEPENDENCIES:
  - MRFFmpegPod (from `https://raw.githubusercontent.com/debugly/MRFFToolChainPod/master/MRFFmpeg3.4.7.podspec`)

EXTERNAL SOURCES:
  MRFFmpegPod:
    :podspec: https://raw.githubusercontent.com/debugly/MRFFToolChainPod/master/MRFFmpeg3.4.7.podspec

SPEC CHECKSUMS:
  MRFFmpegPod: a65bd44d1225e9ebfb0d4bf958d79d1a5e699b8c

PODFILE CHECKSUM: 6f40f7e83343c08e6f78cda9515ae79c2b52c0f0

COCOAPODS: 1.8.4
